{
  "pins" : [
    {
      "identity" : "chartview",
      "kind" : "remoteSourceControl",
      "location" : "https://github.com/AppPear/ChartView.git",
      "state" : {
        "revision" : "9115a992c91fa19cbb4f2241084240d38654a1fc",
        "version" : "1.5.5"
      }
    },
    {
      "identity" : "swiftuicharts#pie-chart",
      "kind" : "remoteSourceControl",
      "location" : "https://github.com/willdale/SwiftUICharts#Pie-Chart",
      "state" : {
        "revision" : "53a3a2f16730af6709283f83a9dc75a3dde252ff",
        "version" : "2.10.2"
      }
    }
  ],
  "version" : 2
}
